
Microsoft Visual Studio Solution File, Format Version 12.00
# Visual Studio Version 16
VisualStudioVersion = 16.6.30114.105
MinimumVisualStudioVersion = 10.0.40219.1
Project("{9A19103F-16F7-4668-BE54-9A1E7A4F7556}") = "Challenges", "Challenges\Challenges.csproj", "{E93045BD-97EC-409D-9CF9-4CCBC2131342}"
EndProject
Project("{9A19103F-16F7-4668-BE54-9A1E7A4F7556}") = "Challenges.Tests", "Challenges.Tests\Challenges.Tests.csproj", "{0D4A2C86-1A99-46CE-B3FE-96EC005D6626}"
EndProject
Project("{9A19103F-16F7-4668-BE54-9A1E7A4F7556}") = "DataStructures", "DataStructures\DataStructures.csproj", "{83B9D60C-0FB4-48F5-951A-ECF169195F8B}"
EndProject
Project("{9A19103F-16F7-4668-BE54-9A1E7A4F7556}") = "DataStructures.Tests", "DataStructures.Tests\DataStructures.Tests.csproj", "{130CC3EE-C96D-4CEF-A69B-C9CD236A88BB}"
EndProject
Project("{9A19103F-16F7-4668-BE54-9A1E7A4F7556}") = "TreeTests", "TreeTests\TreeTests.csproj", "{E84B830E-D645-408A-A1CA-570CDB2250F4}"
EndProject
Project("{9A19103F-16F7-4668-BE54-9A1E7A4F7556}") = "SortTests", "InsertionSortTest1\SortTests.csproj", "{AABE4F67-7D4D-4142-A151-D45BB308AAAE}"
EndProject
Project("{FAE04EC0-301F-11D3-BF4B-00C04F79EFBC}") = "HashSetTest", "HashSetTest\HashSetTest.csproj", "{9F69A16A-88D7-4D8A-BA36-B26D6FC6ED84}"
EndProject
Global
	GlobalSection(SolutionConfigurationPlatforms) = preSolution
		Debug|Any CPU = Debug|Any CPU
		Debug|x64 = Debug|x64
		Debug|x86 = Debug|x86
		Release|Any CPU = Release|Any CPU
		Release|x64 = Release|x64
		Release|x86 = Release|x86
	EndGlobalSection
	GlobalSection(ProjectConfigurationPlatforms) = postSolution
		{E93045BD-97EC-409D-9CF9-4CCBC2131342}.Debug|Any CPU.ActiveCfg = Debug|Any CPU
		{E93045BD-97EC-409D-9CF9-4CCBC2131342}.Debug|Any CPU.Build.0 = Debug|Any CPU
		{E93045BD-97EC-409D-9CF9-4CCBC2131342}.Debug|x64.ActiveCfg = Debug|Any CPU
		{E93045BD-97EC-409D-9CF9-4CCBC2131342}.Debug|x64.Build.0 = Debug|Any CPU
		{E93045BD-97EC-409D-9CF9-4CCBC2131342}.Debug|x86.ActiveCfg = Debug|Any CPU
		{E93045BD-97EC-409D-9CF9-4CCBC2131342}.Debug|x86.Build.0 = Debug|Any CPU
		{E93045BD-97EC-409D-9CF9-4CCBC2131342}.Release|Any CPU.ActiveCfg = Release|Any CPU
		{E93045BD-97EC-409D-9CF9-4CCBC2131342}.Release|Any CPU.Build.0 = Release|Any CPU
		{E93045BD-97EC-409D-9CF9-4CCBC2131342}.Release|x64.ActiveCfg = Release|Any CPU
		{E93045BD-97EC-409D-9CF9-4CCBC2131342}.Release|x64.Build.0 = Release|Any CPU
		{E93045BD-97EC-409D-9CF9-4CCBC2131342}.Release|x86.ActiveCfg = Release|Any CPU
		{E93045BD-97EC-409D-9CF9-4CCBC2131342}.Release|x86.Build.0 = Release|Any CPU
		{0D4A2C86-1A99-46CE-B3FE-96EC005D6626}.Debug|Any CPU.ActiveCfg = Debug|Any CPU
		{0D4A2C86-1A99-46CE-B3FE-96EC005D6626}.Debug|Any CPU.Build.0 = Debug|Any CPU
		{0D4A2C86-1A99-46CE-B3FE-96EC005D6626}.Debug|x64.ActiveCfg = Debug|Any CPU
		{0D4A2C86-1A99-46CE-B3FE-96EC005D6626}.Debug|x64.Build.0 = Debug|Any CPU
		{0D4A2C86-1A99-46CE-B3FE-96EC005D6626}.Debug|x86.ActiveCfg = Debug|Any CPU
		{0D4A2C86-1A99-46CE-B3FE-96EC005D6626}.Debug|x86.Build.0 = Debug|Any CPU
		{0D4A2C86-1A99-46CE-B3FE-96EC005D6626}.Release|Any CPU.ActiveCfg = Release|Any CPU
		{0D4A2C86-1A99-46CE-B3FE-96EC005D6626}.Release|Any CPU.Build.0 = Release|Any CPU
		{0D4A2C86-1A99-46CE-B3FE-96EC005D6626}.Release|x64.ActiveCfg = Release|Any CPU
		{0D4A2C86-1A99-46CE-B3FE-96EC005D6626}.Release|x64.Build.0 = Release|Any CPU
		{0D4A2C86-1A99-46CE-B3FE-96EC005D6626}.Release|x86.ActiveCfg = Release|Any CPU
		{0D4A2C86-1A99-46CE-B3FE-96EC005D6626}.Release|x86.Build.0 = Release|Any CPU
		{83B9D60C-0FB4-48F5-951A-ECF169195F8B}.Debug|Any CPU.ActiveCfg = Debug|Any CPU
		{83B9D60C-0FB4-48F5-951A-ECF169195F8B}.Debug|Any CPU.Build.0 = Debug|Any CPU
		{83B9D60C-0FB4-48F5-951A-ECF169195F8B}.Debug|x64.ActiveCfg = Debug|Any CPU
		{83B9D60C-0FB4-48F5-951A-ECF169195F8B}.Debug|x64.Build.0 = Debug|Any CPU
		{83B9D60C-0FB4-48F5-951A-ECF169195F8B}.Debug|x86.ActiveCfg = Debug|Any CPU
		{83B9D60C-0FB4-48F5-951A-ECF169195F8B}.Debug|x86.Build.0 = Debug|Any CPU
		{83B9D60C-0FB4-48F5-951A-ECF169195F8B}.Release|Any CPU.ActiveCfg = Release|Any CPU
		{83B9D60C-0FB4-48F5-951A-ECF169195F8B}.Release|Any CPU.Build.0 = Release|Any CPU
		{83B9D60C-0FB4-48F5-951A-ECF169195F8B}.Release|x64.ActiveCfg = Release|Any CPU
		{83B9D60C-0FB4-48F5-951A-ECF169195F8B}.Release|x64.Build.0 = Release|Any CPU
		{83B9D60C-0FB4-48F5-951A-ECF169195F8B}.Release|x86.ActiveCfg = Release|Any CPU
		{83B9D60C-0FB4-48F5-951A-ECF169195F8B}.Release|x86.Build.0 = Release|Any CPU
		{130CC3EE-C96D-4CEF-A69B-C9CD236A88BB}.Debug|Any CPU.ActiveCfg = Debug|Any CPU
		{130CC3EE-C96D-4CEF-A69B-C9CD236A88BB}.Debug|Any CPU.Build.0 = Debug|Any CPU
		{130CC3EE-C96D-4CEF-A69B-C9CD236A88BB}.Debug|x64.ActiveCfg = Debug|Any CPU
		{130CC3EE-C96D-4CEF-A69B-C9CD236A88BB}.Debug|x64.Build.0 = Debug|Any CPU
		{130CC3EE-C96D-4CEF-A69B-C9CD236A88BB}.Debug|x86.ActiveCfg = Debug|Any CPU
		{130CC3EE-C96D-4CEF-A69B-C9CD236A88BB}.Debug|x86.Build.0 = Debug|Any CPU
		{130CC3EE-C96D-4CEF-A69B-C9CD236A88BB}.Release|Any CPU.ActiveCfg = Release|Any CPU
		{130CC3EE-C96D-4CEF-A69B-C9CD236A88BB}.Release|Any CPU.Build.0 = Release|Any CPU
		{130CC3EE-C96D-4CEF-A69B-C9CD236A88BB}.Release|x64.ActiveCfg = Release|Any CPU
		{130CC3EE-C96D-4CEF-A69B-C9CD236A88BB}.Release|x64.Build.0 = Release|Any CPU
		{130CC3EE-C96D-4CEF-A69B-C9CD236A88BB}.Release|x86.ActiveCfg = Release|Any CPU
		{130CC3EE-C96D-4CEF-A69B-C9CD236A88BB}.Release|x86.Build.0 = Release|Any CPU
		{E84B830E-D645-408A-A1CA-570CDB2250F4}.Debug|Any CPU.ActiveCfg = Debug|Any CPU
		{E84B830E-D645-408A-A1CA-570CDB2250F4}.Debug|Any CPU.Build.0 = Debug|Any CPU
		{E84B830E-D645-408A-A1CA-570CDB2250F4}.Debug|x64.ActiveCfg = Debug|Any CPU
		{E84B830E-D645-408A-A1CA-570CDB2250F4}.Debug|x64.Build.0 = Debug|Any CPU
		{E84B830E-D645-408A-A1CA-570CDB2250F4}.Debug|x86.ActiveCfg = Debug|Any CPU
		{E84B830E-D645-408A-A1CA-570CDB2250F4}.Debug|x86.Build.0 = Debug|Any CPU
		{E84B830E-D645-408A-A1CA-570CDB2250F4}.Release|Any CPU.ActiveCfg = Release|Any CPU
		{E84B830E-D645-408A-A1CA-570CDB2250F4}.Release|Any CPU.Build.0 = Release|Any CPU
		{E84B830E-D645-408A-A1CA-570CDB2250F4}.Release|x64.ActiveCfg = Release|Any CPU
		{E84B830E-D645-408A-A1CA-570CDB2250F4}.Release|x64.Build.0 = Release|Any CPU
		{E84B830E-D645-408A-A1CA-570CDB2250F4}.Release|x86.ActiveCfg = Release|Any CPU
		{E84B830E-D645-408A-A1CA-570CDB2250F4}.Release|x86.Build.0 = Release|Any CPU
		{AABE4F67-7D4D-4142-A151-D45BB308AAAE}.Debug|Any CPU.ActiveCfg = Debug|Any CPU
		{AABE4F67-7D4D-4142-A151-D45BB308AAAE}.Debug|Any CPU.Build.0 = Debug|Any CPU
		{AABE4F67-7D4D-4142-A151-D45BB308AAAE}.Debug|x64.ActiveCfg = Debug|Any CPU
		{AABE4F67-7D4D-4142-A151-D45BB308AAAE}.Debug|x64.Build.0 = Debug|Any CPU
		{AABE4F67-7D4D-4142-A151-D45BB308AAAE}.Debug|x86.ActiveCfg = Debug|Any CPU
		{AABE4F67-7D4D-4142-A151-D45BB308AAAE}.Debug|x86.Build.0 = Debug|Any CPU
		{AABE4F67-7D4D-4142-A151-D45BB308AAAE}.Release|Any CPU.ActiveCfg = Release|Any CPU
		{AABE4F67-7D4D-4142-A151-D45BB308AAAE}.Release|Any CPU.Build.0 = Release|Any CPU
		{AABE4F67-7D4D-4142-A151-D45BB308AAAE}.Release|x64.ActiveCfg = Release|Any CPU
		{AABE4F67-7D4D-4142-A151-D45BB308AAAE}.Release|x64.Build.0 = Release|Any CPU
		{AABE4F67-7D4D-4142-A151-D45BB308AAAE}.Release|x86.ActiveCfg = Release|Any CPU
		{AABE4F67-7D4D-4142-A151-D45BB308AAAE}.Release|x86.Build.0 = Release|Any CPU
		{9F69A16A-88D7-4D8A-BA36-B26D6FC6ED84}.Debug|Any CPU.ActiveCfg = Debug|Any CPU
		{9F69A16A-88D7-4D8A-BA36-B26D6FC6ED84}.Debug|Any CPU.Build.0 = Debug|Any CPU
		{9F69A16A-88D7-4D8A-BA36-B26D6FC6ED84}.Debug|x64.ActiveCfg = Debug|Any CPU
		{9F69A16A-88D7-4D8A-BA36-B26D6FC6ED84}.Debug|x64.Build.0 = Debug|Any CPU
		{9F69A16A-88D7-4D8A-BA36-B26D6FC6ED84}.Debug|x86.ActiveCfg = Debug|Any CPU
		{9F69A16A-88D7-4D8A-BA36-B26D6FC6ED84}.Debug|x86.Build.0 = Debug|Any CPU
		{9F69A16A-88D7-4D8A-BA36-B26D6FC6ED84}.Release|Any CPU.ActiveCfg = Release|Any CPU
		{9F69A16A-88D7-4D8A-BA36-B26D6FC6ED84}.Release|Any CPU.Build.0 = Release|Any CPU
		{9F69A16A-88D7-4D8A-BA36-B26D6FC6ED84}.Release|x64.ActiveCfg = Release|Any CPU
		{9F69A16A-88D7-4D8A-BA36-B26D6FC6ED84}.Release|x64.Build.0 = Release|Any CPU
		{9F69A16A-88D7-4D8A-BA36-B26D6FC6ED84}.Release|x86.ActiveCfg = Release|Any CPU
		{9F69A16A-88D7-4D8A-BA36-B26D6FC6ED84}.Release|x86.Build.0 = Release|Any CPU
	EndGlobalSection
	GlobalSection(SolutionProperties) = preSolution
		HideSolutionNode = FALSE
	EndGlobalSection
	GlobalSection(ExtensibilityGlobals) = postSolution
		SolutionGuid = {8112F65D-34BE-458A-8DC6-471477BB8FB3}
	EndGlobalSection
EndGlobal
